
Microsoft Visual Studio Solution File, Format Version 12.00
# Visual Studio Version 17
VisualStudioVersion = 17.9.34728.123
MinimumVisualStudioVersion = 10.0.40219.1
Project("{E24C65DC-7377-472B-9ABA-BC803B73C61A}") = "Space_Optimizer", ".", "{2C646512-37B3-4260-BD4C-18B6382FAED2}"
	ProjectSection(WebsiteProperties) = preProject
		TargetFrameworkMoniker = ".NETFramework,Version%3Dv4.7.2"
		Debug.AspNetCompiler.VirtualPath = "/localhost_61629"
		Debug.AspNetCompiler.PhysicalPath = "..\Space_Optimizer\"
		Debug.AspNetCompiler.TargetPath = "PrecompiledWeb\localhost_61629\"
		Debug.AspNetCompiler.Updateable = "true"
		Debug.AspNetCompiler.ForceOverwrite = "true"
		Debug.AspNetCompiler.FixedNames = "false"
		Debug.AspNetCompiler.Debug = "True"
		Release.AspNetCompiler.VirtualPath = "/localhost_61629"
		Release.AspNetCompiler.PhysicalPath = "..\Space_Optimizer\"
		Release.AspNetCompiler.TargetPath = "PrecompiledWeb\localhost_61629\"
		Release.AspNetCompiler.Updateable = "true"
		Release.AspNetCompiler.ForceOverwrite = "true"
		Release.AspNetCompiler.FixedNames = "false"
		Release.AspNetCompiler.Debug = "False"
		VWDPort = "61629"
		SlnRelativePath = "..\Space_Optimizer\"
		DefaultWebSiteLanguage = "Visual Basic"
	EndProjectSection
EndProject

